
Microsoft Visual Studio Solution File, Format Version 12.00
# Visual Studio Version 16
VisualStudioVersion = 16.0.29806.167
MinimumVisualStudioVersion = 10.0.40219.1
Project("{FAE04EC0-301F-11D3-BF4B-00C04F79EFBC}") = "ProiectII", "ProiectII\ProiectII.csproj", "{6B663D13-9415-42CC-A6E2-A6AC07062047}"
EndProject
Global
	GlobalSection(SolutionConfigurationPlatforms) = preSolution
		Debug|Any CPU = Debug|Any CPU
		Release|Any CPU = Release|Any CPU
	EndGlobalSection
	GlobalSection(ProjectConfigurationPlatforms) = postSolution
		{6B663D13-9415-42CC-A6E2-A6AC07062047}.Debug|Any CPU.ActiveCfg = Debug|Any CPU
		{6B663D13-9415-42CC-A6E2-A6AC07062047}.Debug|Any CPU.Build.0 = Debug|Any CPU
		{6B663D13-9415-42CC-A6E2-A6AC07062047}.Release|Any CPU.ActiveCfg = Release|Any CPU
		{6B663D13-9415-42CC-A6E2-A6AC07062047}.Release|Any CPU.Build.0 = Release|Any CPU
	EndGlobalSection
	GlobalSection(SolutionProperties) = preSolution
		HideSolutionNode = FALSE
	EndGlobalSection
	GlobalSection(ExtensibilityGlobals) = postSolution
		SolutionGuid = {C8D0BBE9-A265-4A18-BFA1-9EF7F6B5739B}
	EndGlobalSection
EndGlobal
